Microsoft Visual Studio Solution File, Format Version 11.00
# Visual Studio 2008

Project("{49E77C6D-7B41-85A8-BF79-3D00B9CE42C9}") = "Game-Programming-Assignment-1-SpaceShooter-master", "Assembly-CSharp.csproj", "{F84716C8-A33B-0EF5-A1DD-B6FDA1B4DDA6}"
EndProject
Global
	GlobalSection(SolutionConfigurationPlatforms) = preSolution
		Debug|Any CPU = Debug|Any CPU
		Release|Any CPU = Release|Any CPU
	EndGlobalSection
	GlobalSection(ProjectConfigurationPlatforms) = postSolution
		{F84716C8-A33B-0EF5-A1DD-B6FDA1B4DDA6}.Debug|Any CPU.ActiveCfg = Debug|Any CPU
		{F84716C8-A33B-0EF5-A1DD-B6FDA1B4DDA6}.Debug|Any CPU.Build.0 = Debug|Any CPU
		{F84716C8-A33B-0EF5-A1DD-B6FDA1B4DDA6}.Release|Any CPU.ActiveCfg = Release|Any CPU
		{F84716C8-A33B-0EF5-A1DD-B6FDA1B4DDA6}.Release|Any CPU.Build.0 = Release|Any CPU
	EndGlobalSection
	GlobalSection(SolutionProperties) = preSolution
		HideSolutionNode = FALSE
	EndGlobalSection
	GlobalSection(MonoDevelopProperties) = preSolution
		StartupItem = Assembly-CSharp.csproj
	EndGlobalSection
EndGlobal
